<Solution>
  <Folder Name="/Solution Items/">
    <File Path="README.md.txt" />
  </Folder>
  <Project Path="SlotMachineApi.API/SlotMachineApi.API.csproj" />
  <Project Path="SlotMachineApi.Application/SlotMachineApi.Application.csproj" />
  <Project Path="SlotMachineApi.Domain/SlotMachineApi.Domain.csproj" />
  <Project Path="SlotMachineApi.Infrastructure/SlotMachineApi.Infrastructure.csproj" />
  <Project Path="SlotMachineApi.Tests/SlotMachineApi.Tests.csproj" />
</Solution>
